// !$*UTF8*$!
{
	archiveVersion = 1;
	classes = {
	};
	objectVersion = 48;
	objects = {

/* Begin PBXBuildFile section */
		372A47CF1FD7B13F00C22651 /* AppDelegate.swift in Sources */ = {isa = PBXBuildFile; fileRef = 372A47CE1FD7B13F00C22651 /* AppDelegate.swift */; };
		372A47D11FD7B13F00C22651 /* ViewController.swift in Sources */ = {isa = PBXBuildFile; fileRef = 372A47D01FD7B13F00C22651 /* ViewController.swift */; };
		372A47D41FD7B13F00C22651 /* Main.storyboard in Resources */ = {isa = PBXBuildFile; fileRef = 372A47D21FD7B13F00C22651 /* Main.storyboard */; };
		372A47D61FD7B13F00C22651 /* Assets.xcassets in Resources */ = {isa = PBXBuildFile; fileRef = 372A47D51FD7B13F00C22651 /* Assets.xcassets */; };
		372A47D91FD7B13F00C22651 /* LaunchScreen.storyboard in Resources */ = {isa = PBXBuildFile; fileRef = 372A47D71FD7B13F00C22651 /* LaunchScreen.storyboard */; };
		372A47E91FD8A7AF00C22651 /* NotificationCenter.framework in Frameworks */ = {isa = PBXBuildFile; fileRef = 372A47E81FD8A7AF00C22651 /* NotificationCenter.framework */; };
		372A47EC1FD8A7AF00C22651 /* TodayViewController.swift in Sources */ = {isa = PBXBuildFile; fileRef = 372A47EB1FD8A7AF00C22651 /* TodayViewController.swift */; };
		372A47EF1FD8A7AF00C22651 /* MainInterface.storyboard in Resources */ = {isa = PBXBuildFile; fileRef = 372A47ED1FD8A7AF00C22651 /* MainInterface.storyboard */; };
		372A47F31FD8A7AF00C22651 /* Switch Widget.appex in Embed App Extensions */ = {isa = PBXBuildFile; fileRef = 372A47E61FD8A7AF00C22651 /* Switch Widget.appex */; settings = {ATTRIBUTES = (RemoveHeadersOnCopy, ); }; };
		372A47F91FD8A8A800C22651 /* OutletSwitch.swift in Sources */ = {isa = PBXBuildFile; fileRef = 372A47E01FD7B22B00C22651 /* OutletSwitch.swift */; };
		372A47FB1FD8A8E500C22651 /* OutletSwitch.swift in Sources */ = {isa = PBXBuildFile; fileRef = 372A47FA1FD8A8E500C22651 /* OutletSwitch.swift */; };
/* End PBXBuildFile section */

/* Begin PBXContainerItemProxy section */
		372A47F11FD8A7AF00C22651 /* PBXContainerItemProxy */ = {
			isa = PBXContainerItemProxy;
			containerPortal = 372A47C31FD7B13F00C22651 /* Project object */;
			proxyType = 1;
			remoteGlobalIDString = 372A47E51FD8A7AF00C22651;
			remoteInfo = "Switch Widget";
		};
		37C6A813200BDB9400469840 /* PBXContainerItemProxy */ = {
			isa = PBXContainerItemProxy;
			containerPortal = 37C6A80E200BDB9300469840 /* OutletSwitchControl.xcodeproj */;
			proxyType = 2;
			remoteGlobalIDString = 37C6A7F4200BD9C000469840;
			remoteInfo = OutletSwitchControl;
		};
		37C6A815200BDB9400469840 /* PBXContainerItemProxy */ = {
			isa = PBXContainerItemProxy;
			containerPortal = 37C6A80E200BDB9300469840 /* OutletSwitchControl.xcodeproj */;
			proxyType = 2;
			remoteGlobalIDString = 37C6A7FD200BD9C000469840;
			remoteInfo = OutletSwitchControlTests;
		};
/* End PBXContainerItemProxy section */

/* Begin PBXCopyFilesBuildPhase section */
		372A47F71FD8A7AF00C22651 /* Embed App Extensions */ = {
			isa = PBXCopyFilesBuildPhase;
			buildActionMask = 2147483647;
			dstPath = "";
			dstSubfolderSpec = 13;
			files = (
				372A47F31FD8A7AF00C22651 /* Switch Widget.appex in Embed App Extensions */,
			);
			name = "Embed App Extensions";
			runOnlyForDeploymentPostprocessing = 0;
		};
/* End PBXCopyFilesBuildPhase section */

/* Begin PBXFileReference section */
		372A47CB1FD7B13F00C22651 /* Outlet Switch.app */ = {isa = PBXFileReference; explicitFileType = wrapper.application; includeInIndex = 0; path = "Outlet Switch.app"; sourceTree = BUILT_PRODUCTS_DIR; };
		372A47CE1FD7B13F00C22651 /* AppDelegate.swift */ = {isa = PBXFileReference; lastKnownFileType = sourcecode.swift; path = AppDelegate.swift; sourceTree = "<group>"; };
		372A47D01FD7B13F00C22651 /* ViewController.swift */ = {isa = PBXFileReference; lastKnownFileType = sourcecode.swift; path = ViewController.swift; sourceTree = "<group>"; };
		372A47D31FD7B13F00C22651 /* Base */ = {isa = PBXFileReference; lastKnownFileType = file.storyboard; name = Base; path = Base.lproj/Main.storyboard; sourceTree = "<group>"; };
		372A47D51FD7B13F00C22651 /* Assets.xcassets */ = {isa = PBXFileReference; lastKnownFileType = folder.assetcatalog; path = Assets.xcassets; sourceTree = "<group>"; };
		372A47D81FD7B13F00C22651 /* Base */ = {isa = PBXFileReference; lastKnownFileType = file.storyboard; name = Base; path = Base.lproj/LaunchScreen.storyboard; sourceTree = "<group>"; };
		372A47DA1FD7B13F00C22651 /* Info.plist */ = {isa = PBXFileReference; lastKnownFileType = text.plist.xml; path = Info.plist; sourceTree = "<group>"; };
		372A47E01FD7B22B00C22651 /* OutletSwitch.swift */ = {isa = PBXFileReference; lastKnownFileType = sourcecode.swift; path = OutletSwitch.swift; sourceTree = "<group>"; };
		372A47E61FD8A7AF00C22651 /* Switch Widget.appex */ = {isa = PBXFileReference; explicitFileType = "wrapper.app-extension"; includeInIndex = 0; path = "Switch Widget.appex"; sourceTree = BUILT_PRODUCTS_DIR; };
		372A47E81FD8A7AF00C22651 /* NotificationCenter.framework */ = {isa = PBXFileReference; lastKnownFileType = wrapper.framework; name = NotificationCenter.framework; path = System/Library/Frameworks/NotificationCenter.framework; sourceTree = SDKROOT; };
		372A47EB1FD8A7AF00C22651 /* TodayViewController.swift */ = {isa = PBXFileReference; lastKnownFileType = sourcecode.swift; path = TodayViewController.swift; sourceTree = "<group>"; };
		372A47EE1FD8A7AF00C22651 /* Base */ = {isa = PBXFileReference; lastKnownFileType = file.storyboard; name = Base; path = Base.lproj/MainInterface.storyboard; sourceTree = "<group>"; };
		372A47F01FD8A7AF00C22651 /* Info.plist */ = {isa = PBXFileReference; lastKnownFileType = text.plist.xml; path = Info.plist; sourceTree = "<group>"; };
		372A47FA1FD8A8E500C22651 /* OutletSwitch.swift */ = {isa = PBXFileReference; fileEncoding = 4; lastKnownFileType = sourcecode.swift; path = OutletSwitch.swift; sourceTree = "<group>"; };
		37C6A80E200BDB9300469840 /* OutletSwitchControl.xcodeproj */ = {isa = PBXFileReference; lastKnownFileType = "wrapper.pb-project"; name = OutletSwitchControl.xcodeproj; path = OutletSwitchControl/OutletSwitchControl.xcodeproj; sourceTree = "<group>"; };
/* End PBXFileReference section */

/* Begin PBXFrameworksBuildPhase section */
		372A47C81FD7B13F00C22651 /* Frameworks */ = {
			isa = PBXFrameworksBuildPhase;
			buildActionMask = 2147483647;
			files = (
			);
			runOnlyForDeploymentPostprocessing = 0;
		};
		372A47E31FD8A7AF00C22651 /* Frameworks */ = {
			isa = PBXFrameworksBuildPhase;
			buildActionMask = 2147483647;
			files = (
				372A47E91FD8A7AF00C22651 /* NotificationCenter.framework in Frameworks */,
			);
			runOnlyForDeploymentPostprocessing = 0;
		};
/* End PBXFrameworksBuildPhase section */

/* Begin PBXGroup section */
		372A47C21FD7B13F00C22651 = {
			isa = PBXGroup;
			children = (
				37C6A80E200BDB9300469840 /* OutletSwitchControl.xcodeproj */,
				372A47CD1FD7B13F00C22651 /* Outlet Switch */,
				372A47EA1FD8A7AF00C22651 /* Switch Widget */,
				372A47E71FD8A7AF00C22651 /* Frameworks */,
				372A47CC1FD7B13F00C22651 /* Products */,
			);
			sourceTree = "<group>";
		};
		372A47CC1FD7B13F00C22651 /* Products */ = {
			isa = PBXGroup;
			children = (
				372A47CB1FD7B13F00C22651 /* Outlet Switch.app */,
				372A47E61FD8A7AF00C22651 /* Switch Widget.appex */,
			);
			name = Products;
			sourceTree = "<group>";
		};
		372A47CD1FD7B13F00C22651 /* Outlet Switch */ = {
			isa = PBXGroup;
			children = (
				372A47CE1FD7B13F00C22651 /* AppDelegate.swift */,
				372A47D01FD7B13F00C22651 /* ViewController.swift */,
				372A47D21FD7B13F00C22651 /* Main.storyboard */,
				372A47D51FD7B13F00C22651 /* Assets.xcassets */,
				372A47D71FD7B13F00C22651 /* LaunchScreen.storyboard */,
				372A47DA1FD7B13F00C22651 /* Info.plist */,
				372A47E01FD7B22B00C22651 /* OutletSwitch.swift */,
			);
			path = "Outlet Switch";
			sourceTree = "<group>";
		};
		372A47E71FD8A7AF00C22651 /* Frameworks */ = {
			isa = PBXGroup;
			children = (
				372A47E81FD8A7AF00C22651 /* NotificationCenter.framework */,
			);
			name = Frameworks;
			sourceTree = "<group>";
		};
		372A47EA1FD8A7AF00C22651 /* Switch Widget */ = {
			isa = PBXGroup;
			children = (
				372A47EB1FD8A7AF00C22651 /* TodayViewController.swift */,
				372A47FA1FD8A8E500C22651 /* OutletSwitch.swift */,
				372A47ED1FD8A7AF00C22651 /* MainInterface.storyboard */,
				372A47F01FD8A7AF00C22651 /* Info.plist */,
			);
			path = "Switch Widget";
			sourceTree = "<group>";
		};
		37C6A80F200BDB9300469840 /* Products */ = {
			isa = PBXGroup;
			children = (
				37C6A814200BDB9400469840 /* OutletSwitchControl.framework */,
				37C6A816200BDB9400469840 /* OutletSwitchControlTests.xctest */,
			);
			name = Products;
			sourceTree = "<group>";
		};
/* End PBXGroup section */

/* Begin PBXNativeTarget section */
		372A47CA1FD7B13F00C22651 /* Outlet Switch */ = {
			isa = PBXNativeTarget;
			buildConfigurationList = 372A47DD1FD7B13F00C22651 /* Build configuration list for PBXNativeTarget "Outlet Switch" */;
			buildPhases = (
				372A47C71FD7B13F00C22651 /* Sources */,
				372A47C81FD7B13F00C22651 /* Frameworks */,
				372A47C91FD7B13F00C22651 /* Resources */,
				372A47F71FD8A7AF00C22651 /* Embed App Extensions */,
			);
			buildRules = (
			);
			dependencies = (
				372A47F21FD8A7AF00C22651 /* PBXTargetDependency */,
			);
			name = "Outlet Switch";
			productName = "Outlet Switch";
			productReference = 372A47CB1FD7B13F00C22651 /* Outlet Switch.app */;
			productType = "com.apple.product-type.application";
		};
		372A47E51FD8A7AF00C22651 /* Switch Widget */ = {
			isa = PBXNativeTarget;
			buildConfigurationList = 372A47F61FD8A7AF00C22651 /* Build configuration list for PBXNativeTarget "Switch Widget" */;
			buildPhases = (
				372A47E21FD8A7AF00C22651 /* Sources */,
				372A47E31FD8A7AF00C22651 /* Frameworks */,
				372A47E41FD8A7AF00C22651 /* Resources */,
			);
			buildRules = (
			);
			dependencies = (
			);
			name = "Switch Widget";
			productName = "Switch Widget";
			productReference = 372A47E61FD8A7AF00C22651 /* Switch Widget.appex */;
			productType = "com.apple.product-type.app-extension";
		};
/* End PBXNativeTarget section */

/* Begin PBXProject section */
		372A47C31FD7B13F00C22651 /* Project object */ = {
			isa = PBXProject;
			attributes = {
				LastSwiftUpdateCheck = 0910;
				LastUpgradeCheck = 0910;
				ORGANIZATIONNAME = GSP;
				TargetAttributes = {
					372A47CA1FD7B13F00C22651 = {
						CreatedOnToolsVersion = 9.1;
						ProvisioningStyle = Automatic;
					};
					372A47E51FD8A7AF00C22651 = {
						CreatedOnToolsVersion = 9.1;
						ProvisioningStyle = Automatic;
					};
				};
			};
			buildConfigurationList = 372A47C61FD7B13F00C22651 /* Build configuration list for PBXProject "Outlet Switch" */;
			compatibilityVersion = "Xcode 8.0";
			developmentRegion = en;
			hasScannedForEncodings = 0;
			knownRegions = (
				en,
				Base,
			);
			mainGroup = 372A47C21FD7B13F00C22651;
			productRefGroup = 372A47CC1FD7B13F00C22651 /* Products */;
			projectDirPath = "";
			projectReferences = (
				{
					ProductGroup = 37C6A80F200BDB9300469840 /* Products */;
					ProjectRef = 37C6A80E200BDB9300469840 /* OutletSwitchControl.xcodeproj */;
				},
			);
			projectRoot = "";
			targets = (
				372A47CA1FD7B13F00C22651 /* Outlet Switch */,
				372A47E51FD8A7AF00C22651 /* Switch Widget */,
			);
		};
/* End PBXProject section */

/* Begin PBXReferenceProxy section */
		37C6A814200BDB9400469840 /* OutletSwitchControl.framework */ = {
			isa = PBXReferenceProxy;
			fileType = wrapper.framework;
			path = OutletSwitchControl.framework;
			remoteRef = 37C6A813200BDB9400469840 /* PBXContainerItemProxy */;
			sourceTree = BUILT_PRODUCTS_DIR;
		};
		37C6A816200BDB9400469840 /* OutletSwitchControlTests.xctest */ = {
			isa = PBXReferenceProxy;
			fileType = wrapper.cfbundle;
			path = OutletSwitchControlTests.xctest;
			remoteRef = 37C6A815200BDB9400469840 /* PBXContainerItemProxy */;
			sourceTree = BUILT_PRODUCTS_DIR;
		};
/* End PBXReferenceProxy section */

/* Begin PBXResourcesBuildPhase section */
		372A47C91FD7B13F00C22651 /* Resources */ = {
			isa = PBXResourcesBuildPhase;
			buildActionMask = 2147483647;
			files = (
				372A47D91FD7B13F00C22651 /* LaunchScreen.storyboard in Resources */,
				372A47D61FD7B13F00C22651 /* Assets.xcassets in Resources */,
				372A47D41FD7B13F00C22651 /* Main.storyboard in Resources */,
			);
			runOnlyForDeploymentPostprocessing = 0;
		};
		372A47E41FD8A7AF00C22651 /* Resources */ = {
			isa = PBXResourcesBuildPhase;
			buildActionMask = 2147483647;
			files = (
				372A47EF1FD8A7AF00C22651 /* MainInterface.storyboard in Resources */,
			);
			runOnlyForDeploymentPostprocessing = 0;
		};
/* End PBXResourcesBuildPhase section */

/* Begin PBXSourcesBuildPhase section */
		372A47C71FD7B13F00C22651 /* Sources */ = {
			isa = PBXSourcesBuildPhase;
			buildActionMask = 2147483647;
			files = (
				372A47D11FD7B13F00C22651 /* ViewController.swift in Sources */,
				372A47F91FD8A8A800C22651 /* OutletSwitch.swift in Sources */,
				372A47CF1FD7B13F00C22651 /* AppDelegate.swift in Sources */,
			);
			runOnlyForDeploymentPostprocessing = 0;
		};
		372A47E21FD8A7AF00C22651 /* Sources */ = {
			isa = PBXSourcesBuildPhase;
			buildActionMask = 2147483647;
			files = (
				372A47FB1FD8A8E500C22651 /* OutletSwitch.swift in Sources */,
				372A47EC1FD8A7AF00C22651 /* TodayViewController.swift in Sources */,
			);
			runOnlyForDeploymentPostprocessing = 0;
		};
/* End PBXSourcesBuildPhase section */

/* Begin PBXTargetDependency section */
		372A47F21FD8A7AF00C22651 /* PBXTargetDependency */ = {
			isa = PBXTargetDependency;
			target = 372A47E51FD8A7AF00C22651 /* Switch Widget */;
			targetProxy = 372A47F11FD8A7AF00C22651 /* PBXContainerItemProxy */;
		};
/* End PBXTargetDependency section */

/* Begin PBXVariantGroup section */
		372A47D21FD7B13F00C22651 /* Main.storyboard */ = {
			isa = PBXVariantGroup;
			children = (
				372A47D31FD7B13F00C22651 /* Base */,
			);
			name = Main.storyboard;
			sourceTree = "<group>";
		};
		372A47D71FD7B13F00C22651 /* LaunchScreen.storyboard */ = {
			isa = PBXVariantGroup;
			children = (
				372A47D81FD7B13F00C22651 /* Base */,
			);
			name = LaunchScreen.storyboard;
			sourceTree = "<group>";
		};
		372A47ED1FD8A7AF00C22651 /* MainInterface.storyboard */ = {
			isa = PBXVariantGroup;
			children = (
				372A47EE1FD8A7AF00C22651 /* Base */,
			);
			name = MainInterface.storyboard;
			sourceTree = "<group>";
		};
/* End PBXVariantGroup section */

/* Begin XCBuildConfiguration section */
		372A47DB1FD7B13F00C22651 /* Debug */ = {
			isa = XCBuildConfiguration;
			buildSettings = {
				ALWAYS_SEARCH_USER_PATHS = NO;
				CLANG_ANALYZER_NONNULL = YES;
				CLANG_ANALYZER_NUMBER_OBJECT_CONVERSION = YES_AGGRESSIVE;
				CLANG_CXX_LANGUAGE_STANDARD = "gnu++14";
				CLANG_CXX_LIBRARY = "libc++";
				CLANG_ENABLE_MODULES = YES;
				CLANG_ENABLE_OBJC_ARC = YES;
				CLANG_WARN_BLOCK_CAPTURE_AUTORELEASING = YES;
				CLANG_WARN_BOOL_CONVERSION = YES;
				CLANG_WARN_COMMA = YES;
				CLANG_WARN_CONSTANT_CONVERSION = YES;
				CLANG_WARN_DIRECT_OBJC_ISA_USAGE = YES_ERROR;
				CLANG_WARN_DOCUMENTATION_COMMENTS = YES;
				CLANG_WARN_EMPTY_BODY = YES;
				CLANG_WARN_ENUM_CONVERSION = YES;
				CLANG_WARN_INFINITE_RECURSION = YES;
				CLANG_WARN_INT_CONVERSION = YES;
				CLANG_WARN_NON_LITERAL_NULL_CONVERSION = YES;
				CLANG_WARN_OBJC_LITERAL_CONVERSION = YES;
				CLANG_WARN_OBJC_ROOT_CLASS = YES_ERROR;
				CLANG_WARN_RANGE_LOOP_ANALYSIS = YES;
				CLANG_WARN_STRICT_PROTOTYPES = YES;
				CLANG_WARN_SUSPICIOUS_MOVE = YES;
				CLANG_WARN_UNGUARDED_AVAILABILITY = YES_AGGRESSIVE;
				CLANG_WARN_UNREACHABLE_CODE = YES;
				CLANG_WARN__DUPLICATE_METHOD_MATCH = YES;
				CODE_SIGN_IDENTITY = "iPhone Developer";
				COPY_PHASE_STRIP = NO;
				DEBUG_INFORMATION_FORMAT = dwarf;
				ENABLE_STRICT_OBJC_MSGSEND = YES;
				ENABLE_TESTABILITY = YES;
				GCC_C_LANGUAGE_STANDARD = gnu11;
				GCC_DYNAMIC_NO_PIC = NO;
				GCC_NO_COMMON_BLOCKS = YES;
				GCC_OPTIMIZATION_LEVEL = 0;
				GCC_PREPROCESSOR_DEFINITIONS = (
					"DEBUG=1",
					"$(inherited)",
				);
				GCC_WARN_64_TO_32_BIT_CONVERSION = YES;
				GCC_WARN_ABOUT_RETURN_TYPE = YES_ERROR;
				GCC_WARN_UNDECLARED_SELECTOR = YES;
				GCC_WARN_UNINITIALIZED_AUTOS = YES_AGGRESSIVE;
				GCC_WARN_UNUSED_FUNCTION = YES;
				GCC_WARN_UNUSED_VARIABLE = YES;
				IPHONEOS_DEPLOYMENT_TARGET = 11.1;
				MTL_ENABLE_DEBUG_INFO = YES;
				ONLY_ACTIVE_ARCH = YES;
				SDKROOT = iphoneos;
				SWIFT_ACTIVE_COMPILATION_CONDITIONS = DEBUG;
				SWIFT_OPTIMIZATION_LEVEL = "-Onone";
			};
			name = Debug;
		};
		372A47DC1FD7B13F00C22651 /* Release */ = {
			isa = XCBuildConfiguration;
			buildSettings = {
				ALWAYS_SEARCH_USER_PATHS = NO;
				CLANG_ANALYZER_NONNULL = YES;
				CLANG_ANALYZER_NUMBER_OBJECT_CONVERSION = YES_AGGRESSIVE;
				CLANG_CXX_LANGUAGE_STANDARD = "gnu++14";
				CLANG_CXX_LIBRARY = "libc++";
				CLANG_ENABLE_MODULES = YES;
				CLANG_ENABLE_OBJC_ARC = YES;
				CLANG_WARN_BLOCK_CAPTURE_AUTORELEASING = YES;
				CLANG_WARN_BOOL_CONVERSION = YES;
				CLANG_WARN_COMMA = YES;
				CLANG_WARN_CONSTANT_CONVERSION = YES;
				CLANG_WARN_DIRECT_OBJC_ISA_USAGE = YES_ERROR;
				CLANG_WARN_DOCUMENTATION_COMMENTS = YES;
				CLANG_WARN_EMPTY_BODY = YES;
				CLANG_WARN_ENUM_CONVERSION = YES;
				CLANG_WARN_INFINITE_RECURSION = YES;
				CLANG_WARN_INT_CONVERSION = YES;
				CLANG_WARN_NON_LITERAL_NULL_CONVERSION = YES;
				CLANG_WARN_OBJC_LITERAL_CONVERSION = YES;
				CLANG_WARN_OBJC_ROOT_CLASS = YES_ERROR;
				CLANG_WARN_RANGE_LOOP_ANALYSIS = YES;
				CLANG_WARN_STRICT_PROTOTYPES = YES;
				CLANG_WARN_SUSPICIOUS_MOVE = YES;
				CLANG_WARN_UNGUARDED_AVAILABILITY = YES_AGGRESSIVE;
				CLANG_WARN_UNREACHABLE_CODE = YES;
				CLANG_WARN__DUPLICATE_METHOD_MATCH = YES;
				CODE_SIGN_IDENTITY = "iPhone Developer";
				COPY_PHASE_STRIP = NO;
				DEBUG_INFORMATION_FORMAT = "dwarf-with-dsym";
				ENABLE_NS_ASSERTIONS = NO;
				ENABLE_STRICT_OBJC_MSGSEND = YES;
				GCC_C_LANGUAGE_STANDARD = gnu11;
				GCC_NO_COMMON_BLOCKS = YES;
				GCC_WARN_64_TO_32_BIT_CONVERSION = YES;
				GCC_WARN_ABOUT_RETURN_TYPE = YES_ERROR;
				GCC_WARN_UNDECLARED_SELECTOR = YES;
				GCC_WARN_UNINITIALIZED_AUTOS = YES_AGGRESSIVE;
				GCC_WARN_UNUSED_FUNCTION = YES;
				GCC_WARN_UNUSED_VARIABLE = YES;
				IPHONEOS_DEPLOYMENT_TARGET = 11.1;
				MTL_ENABLE_DEBUG_INFO = NO;
				SDKROOT = iphoneos;
				SWIFT_OPTIMIZATION_LEVEL = "-Owholemodule";
				VALIDATE_PRODUCT = YES;
			};
			name = Release;
		};
		372A47DE1FD7B13F00C22651 /* Debug */ = {
			isa = XCBuildConfiguration;
			buildSettings = {
				ALWAYS_EMBED_SWIFT_STANDARD_LIBRARIES = YES;
				ASSETCATALOG_COMPILER_APPICON_NAME = AppIcon;
				CODE_SIGN_STYLE = Automatic;
				DEVELOPMENT_TEAM = 4UDF68884M;
				INFOPLIST_FILE = "Outlet Switch/Info.plist";
				LD_RUNPATH_SEARCH_PATHS = "$(inherited) @executable_path/Frameworks";
				PRODUCT_BUNDLE_IDENTIFIER = "com.gregpaton08.Outlet-Switch";
				PRODUCT_NAME = "$(TARGET_NAME)";
				SWIFT_VERSION = 4.0;
				TARGETED_DEVICE_FAMILY = "1,2";
			};
			name = Debug;
		};
		372A47DF1FD7B13F00C22651 /* Release */ = {
			isa = XCBuildConfiguration;
			buildSettings = {
				ALWAYS_EMBED_SWIFT_STANDARD_LIBRARIES = YES;
				ASSETCATALOG_COMPILER_APPICON_NAME = AppIcon;
				CODE_SIGN_STYLE = Automatic;
				DEVELOPMENT_TEAM = 4UDF68884M;
				INFOPLIST_FILE = "Outlet Switch/Info.plist";
				LD_RUNPATH_SEARCH_PATHS = "$(inherited) @executable_path/Frameworks";
				PRODUCT_BUNDLE_IDENTIFIER = "com.gregpaton08.Outlet-Switch";
				PRODUCT_NAME = "$(TARGET_NAME)";
				SWIFT_VERSION = 4.0;
				TARGETED_DEVICE_FAMILY = "1,2";
			};
			name = Release;
		};
		372A47F41FD8A7AF00C22651 /* Debug */ = {
			isa = XCBuildConfiguration;
			buildSettings = {
				CODE_SIGN_STYLE = Automatic;
				DEVELOPMENT_TEAM = 4UDF68884M;
				INFOPLIST_FILE = "Switch Widget/Info.plist";
				LD_RUNPATH_SEARCH_PATHS = "$(inherited) @executable_path/Frameworks @executable_path/../../Frameworks";
				PRODUCT_BUNDLE_IDENTIFIER = "com.gregpaton08.Outlet-Switch.Switch-Widget";
				PRODUCT_NAME = "$(TARGET_NAME)";
				SKIP_INSTALL = YES;
				SWIFT_VERSION = 4.0;
				TARGETED_DEVICE_FAMILY = "1,2";
			};
			name = Debug;
		};
		372A47F51FD8A7AF00C22651 /* Release */ = {
			isa = XCBuildConfiguration;
			buildSettings = {
				CODE_SIGN_STYLE = Automatic;
				DEVELOPMENT_TEAM = 4UDF68884M;
				INFOPLIST_FILE = "Switch Widget/Info.plist";
				LD_RUNPATH_SEARCH_PATHS = "$(inherited) @executable_path/Frameworks @executable_path/../../Frameworks";
				PRODUCT_BUNDLE_IDENTIFIER = "com.gregpaton08.Outlet-Switch.Switch-Widget";
				PRODUCT_NAME = "$(TARGET_NAME)";
				SKIP_INSTALL = YES;
				SWIFT_VERSION = 4.0;
				TARGETED_DEVICE_FAMILY = "1,2";
			};
			name = Release;
		};
/* End XCBuildConfiguration section */

/* Begin XCConfigurationList section */
		372A47C61FD7B13F00C22651 /* Build configuration list for PBXProject "Outlet Switch" */ = {
			isa = XCConfigurationList;
			buildConfigurations = (
				372A47DB1FD7B13F00C22651 /* Debug */,
				372A47DC1FD7B13F00C22651 /* Release */,
			);
			defaultConfigurationIsVisible = 0;
			defaultConfigurationName = Release;
		};
		372A47DD1FD7B13F00C22651 /* Build configuration list for PBXNativeTarget "Outlet Switch" */ = {
			isa = XCConfigurationList;
			buildConfigurations = (
				372A47DE1FD7B13F00C22651 /* Debug */,
				372A47DF1FD7B13F00C22651 /* Release */,
			);
			defaultConfigurationIsVisible = 0;
			defaultConfigurationName = Release;
		};
		372A47F61FD8A7AF00C22651 /* Build configuration list for PBXNativeTarget "Switch Widget" */ = {
			isa = XCConfigurationList;
			buildConfigurations = (
				372A47F41FD8A7AF00C22651 /* Debug */,
				372A47F51FD8A7AF00C22651 /* Release */,
			);
			defaultConfigurationIsVisible = 0;
			defaultConfigurationName = Release;
		};
/* End XCConfigurationList section */
	};
	rootObject = 372A47C31FD7B13F00C22651 /* Project object */;
}
